
Microsoft Visual Studio Solution File, Format Version 12.00
# Visual Studio Version 17
VisualStudioVersion = 17.0.31903.59
MinimumVisualStudioVersion = 10.0.40219.1
Project("{2150E333-8FDC-42A3-9474-1A3956D46DE8}") = "src", "src", "{78C357C7-6A74-4B51-B689-13B49471428C}"
EndProject
Project("{2150E333-8FDC-42A3-9474-1A3956D46DE8}") = "tests", "tests", "{43F9E6AE-4C0F-4BA5-A285-750D7088D246}"
EndProject
Project("{FAE04EC0-301F-11D3-BF4B-00C04F79EFBC}") = "integration-test", "test\integration-test\integration-test.csproj", "{9D6763F8-8214-45FD-A958-2CBBFF31FB39}"
EndProject
Project("{FAE04EC0-301F-11D3-BF4B-00C04F79EFBC}") = "sample-app", "sample-app\sample-app.csproj", "{EB61E1D7-AA75-44B6-8F62-CDE86C4FF78B}"
EndProject
Project("{FAE04EC0-301F-11D3-BF4B-00C04F79EFBC}") = "websocket-rpc-net", "src\websocket-rpc-net\websocket-rpc-net.csproj", "{AC66E201-7A1B-4935-AEE9-DE95FE4159DA}"
EndProject
Global
	GlobalSection(SolutionConfigurationPlatforms) = preSolution
		Debug|Any CPU = Debug|Any CPU
		Release|Any CPU = Release|Any CPU
	EndGlobalSection
	GlobalSection(SolutionProperties) = preSolution
		HideSolutionNode = FALSE
	EndGlobalSection
	GlobalSection(ProjectConfigurationPlatforms) = postSolution
		{9D6763F8-8214-45FD-A958-2CBBFF31FB39}.Debug|Any CPU.ActiveCfg = Debug|Any CPU
		{9D6763F8-8214-45FD-A958-2CBBFF31FB39}.Debug|Any CPU.Build.0 = Debug|Any CPU
		{9D6763F8-8214-45FD-A958-2CBBFF31FB39}.Release|Any CPU.ActiveCfg = Release|Any CPU
		{9D6763F8-8214-45FD-A958-2CBBFF31FB39}.Release|Any CPU.Build.0 = Release|Any CPU
		{EB61E1D7-AA75-44B6-8F62-CDE86C4FF78B}.Debug|Any CPU.ActiveCfg = Debug|Any CPU
		{EB61E1D7-AA75-44B6-8F62-CDE86C4FF78B}.Debug|Any CPU.Build.0 = Debug|Any CPU
		{EB61E1D7-AA75-44B6-8F62-CDE86C4FF78B}.Release|Any CPU.ActiveCfg = Release|Any CPU
		{EB61E1D7-AA75-44B6-8F62-CDE86C4FF78B}.Release|Any CPU.Build.0 = Release|Any CPU
		{AC66E201-7A1B-4935-AEE9-DE95FE4159DA}.Debug|Any CPU.ActiveCfg = Debug|Any CPU
		{AC66E201-7A1B-4935-AEE9-DE95FE4159DA}.Debug|Any CPU.Build.0 = Debug|Any CPU
		{AC66E201-7A1B-4935-AEE9-DE95FE4159DA}.Release|Any CPU.ActiveCfg = Release|Any CPU
		{AC66E201-7A1B-4935-AEE9-DE95FE4159DA}.Release|Any CPU.Build.0 = Release|Any CPU
	EndGlobalSection
	GlobalSection(NestedProjects) = preSolution
		{9D6763F8-8214-45FD-A958-2CBBFF31FB39} = {43F9E6AE-4C0F-4BA5-A285-750D7088D246}
		{AC66E201-7A1B-4935-AEE9-DE95FE4159DA} = {78C357C7-6A74-4B51-B689-13B49471428C}
	EndGlobalSection
EndGlobal
